
Microsoft Visual Studio Solution File, Format Version 12.00
# Visual Studio Version 16
VisualStudioVersion = 16.0.32106.194
MinimumVisualStudioVersion = 10.0.40219.1
Project("{FAE04EC0-301F-11D3-BF4B-00C04F79EFBC}") = "Library_With_OPP", "Library_With_OPP\Library_With_OPP.csproj", "{160F5198-F866-48A2-9B32-EA571C4D1298}"
EndProject
Global
	GlobalSection(SolutionConfigurationPlatforms) = preSolution
		Debug|Any CPU = Debug|Any CPU
		Release|Any CPU = Release|Any CPU
	EndGlobalSection
	GlobalSection(ProjectConfigurationPlatforms) = postSolution
		{160F5198-F866-48A2-9B32-EA571C4D1298}.Debug|Any CPU.ActiveCfg = Debug|Any CPU
		{160F5198-F866-48A2-9B32-EA571C4D1298}.Debug|Any CPU.Build.0 = Debug|Any CPU
		{160F5198-F866-48A2-9B32-EA571C4D1298}.Release|Any CPU.ActiveCfg = Release|Any CPU
		{160F5198-F866-48A2-9B32-EA571C4D1298}.Release|Any CPU.Build.0 = Release|Any CPU
	EndGlobalSection
	GlobalSection(SolutionProperties) = preSolution
		HideSolutionNode = FALSE
	EndGlobalSection
	GlobalSection(ExtensibilityGlobals) = postSolution
		SolutionGuid = {FFFC2A1D-82C5-4B49-994E-265C78DAD68C}
	EndGlobalSection
EndGlobal
